Microsoft Visual Studio Solution File, Format Version 12.00
# Visual Studio 14
VisualStudioVersion = 14.0.24720.0
MinimumVisualStudioVersion = 10.0.40219.1
Project("{2150E333-8FDC-42A3-9474-1A3956D46DE8}") = ".paket", ".paket", "{9131817A-7901-417E-83EF-62B898127EEC}"
	ProjectSection(SolutionItems) = preProject
		paket.dependencies = paket.dependencies
		paket.lock = paket.lock
	EndProjectSection
EndProject
Project("{2150E333-8FDC-42A3-9474-1A3956D46DE8}") = "project", "project", "{63A19D07-321B-416C-8BC8-BA42FF549D5A}"
	ProjectSection(SolutionItems) = preProject
		.gitattributes = .gitattributes
		.gitignore = .gitignore
		build.fsx = build.fsx
		docs\tools\generate.fsx = docs\tools\generate.fsx
		docs\content\index.fsx = docs\content\index.fsx
		LICENSE.txt = LICENSE.txt
		README.md = README.md
		RELEASE_NOTES.md = RELEASE_NOTES.md
	EndProjectSection
EndProject
Project("{F2A71F9B-5D33-465A-A702-920D77279786}") = "static-mailer", "src\static-mailer.fsproj", "{1E4066B2-BCA5-4521-8C4B-6D7B8B539547}"
EndProject
Global
	GlobalSection(SolutionConfigurationPlatforms) = preSolution
		Debug|Any CPU = Debug|Any CPU
		Release|Any CPU = Release|Any CPU
	EndGlobalSection
	GlobalSection(ProjectConfigurationPlatforms) = postSolution
		{1E4066B2-BCA5-4521-8C4B-6D7B8B539547}.Debug|Any CPU.ActiveCfg = Debug|Any CPU
		{1E4066B2-BCA5-4521-8C4B-6D7B8B539547}.Debug|Any CPU.Build.0 = Debug|Any CPU
		{1E4066B2-BCA5-4521-8C4B-6D7B8B539547}.Release|Any CPU.ActiveCfg = Release|Any CPU
		{1E4066B2-BCA5-4521-8C4B-6D7B8B539547}.Release|Any CPU.Build.0 = Release|Any CPU
	EndGlobalSection
	GlobalSection(SolutionProperties) = preSolution
		HideSolutionNode = FALSE
	EndGlobalSection
EndGlobal
